
Microsoft Visual Studio Solution File, Format Version 11.00
# Visual Studio 2010
Project("{FAE04EC0-301F-11D3-BF4B-00C04F79EFBC}") = "SerialDmxDeck", "SerialDmxDeck\SerialDmxDeck.csproj", "{0C79BA1D-A80B-4D0C-86EE-C51E128DD5FF}"
EndProject
Global
	GlobalSection(SolutionConfigurationPlatforms) = preSolution
		Debug|x86 = Debug|x86
		Release|x86 = Release|x86
	EndGlobalSection
	GlobalSection(ProjectConfigurationPlatforms) = postSolution
		{0C79BA1D-A80B-4D0C-86EE-C51E128DD5FF}.Debug|x86.ActiveCfg = Debug|x86
		{0C79BA1D-A80B-4D0C-86EE-C51E128DD5FF}.Debug|x86.Build.0 = Debug|x86
		{0C79BA1D-A80B-4D0C-86EE-C51E128DD5FF}.Release|x86.ActiveCfg = Release|x86
		{0C79BA1D-A80B-4D0C-86EE-C51E128DD5FF}.Release|x86.Build.0 = Release|x86
	EndGlobalSection
	GlobalSection(SolutionProperties) = preSolution
		HideSolutionNode = FALSE
	EndGlobalSection
EndGlobal
